
Microsoft Visual Studio Solution File, Format Version 12.00
# Visual Studio 15
VisualStudioVersion = 15.0.27703.2042
MinimumVisualStudioVersion = 10.0.40219.1
Project("{9A19103F-16F7-4668-BE54-9A1E7A4F7556}") = "Logic", "Logic\Logic.csproj", "{AE08C2EC-7C56-4389-8699-8B5FE4C19A91}"
EndProject
Project("{9A19103F-16F7-4668-BE54-9A1E7A4F7556}") = "ConsoleApp1", "ConsoleApp1\ConsoleApp1.csproj", "{D5F70CE5-397C-44D4-B638-AC7FF5FBD06B}"
EndProject
Global
	GlobalSection(SolutionConfigurationPlatforms) = preSolution
		Debug|Any CPU = Debug|Any CPU
		Release|Any CPU = Release|Any CPU
	EndGlobalSection
	GlobalSection(ProjectConfigurationPlatforms) = postSolution
		{AE08C2EC-7C56-4389-8699-8B5FE4C19A91}.Debug|Any CPU.ActiveCfg = Debug|Any CPU
		{AE08C2EC-7C56-4389-8699-8B5FE4C19A91}.Debug|Any CPU.Build.0 = Debug|Any CPU
		{AE08C2EC-7C56-4389-8699-8B5FE4C19A91}.Release|Any CPU.ActiveCfg = Release|Any CPU
		{AE08C2EC-7C56-4389-8699-8B5FE4C19A91}.Release|Any CPU.Build.0 = Release|Any CPU
		{D5F70CE5-397C-44D4-B638-AC7FF5FBD06B}.Debug|Any CPU.ActiveCfg = Debug|Any CPU
		{D5F70CE5-397C-44D4-B638-AC7FF5FBD06B}.Debug|Any CPU.Build.0 = Debug|Any CPU
		{D5F70CE5-397C-44D4-B638-AC7FF5FBD06B}.Release|Any CPU.ActiveCfg = Release|Any CPU
		{D5F70CE5-397C-44D4-B638-AC7FF5FBD06B}.Release|Any CPU.Build.0 = Release|Any CPU
	EndGlobalSection
	GlobalSection(SolutionProperties) = preSolution
		HideSolutionNode = FALSE
	EndGlobalSection
	GlobalSection(ExtensibilityGlobals) = postSolution
		SolutionGuid = {14293894-FD34-4125-91FC-C2D8C840BE54}
	EndGlobalSection
EndGlobal
